
Microsoft Visual Studio Solution File, Format Version 12.00
# Visual Studio 15
VisualStudioVersion = 15.0.27703.2026
MinimumVisualStudioVersion = 10.0.40219.1
Project("{FAE04EC0-301F-11D3-BF4B-00C04F79EFBC}") = "Q03", "Q03\Q03.csproj", "{741AC1A3-F204-4C07-91DB-91CB082D541B}"
EndProject
Project("{FAE04EC0-301F-11D3-BF4B-00C04F79EFBC}") = "Q04", "Q04\Q04.csproj", "{CDA02204-1BEB-4B3B-A807-67ECDE6B5D1D}"
EndProject
Project("{FAE04EC0-301F-11D3-BF4B-00C04F79EFBC}") = "Q05", "Q05\Q05.csproj", "{96680F8A-3498-47EE-AF07-DB86294E7068}"
EndProject
Project("{FAE04EC0-301F-11D3-BF4B-00C04F79EFBC}") = "Q06", "Q06\Q06.csproj", "{B7CCA84E-1213-471E-AA7F-F97F6011B766}"
EndProject
Project("{FAE04EC0-301F-11D3-BF4B-00C04F79EFBC}") = "Q10", "Q10\Q10.csproj", "{9024F7B5-E991-4BB4-9292-C6313AD2EBC2}"
EndProject
Project("{FAE04EC0-301F-11D3-BF4B-00C04F79EFBC}") = "Q11", "Q11\Q11.csproj", "{1A7AE2E0-6FFF-4B09-9BE9-088A9E7FAC12}"
EndProject
Project("{FAE04EC0-301F-11D3-BF4B-00C04F79EFBC}") = "Q12", "Q12\Q12.csproj", "{4E901EAD-C936-491B-890F-BB48B1787DC7}"
EndProject
Project("{FAE04EC0-301F-11D3-BF4B-00C04F79EFBC}") = "Q13", "Q13\Q13.csproj", "{3E009EDB-F779-4E52-B9D0-760E229F910F}"
EndProject
Project("{FAE04EC0-301F-11D3-BF4B-00C04F79EFBC}") = "Q14", "Q14\Q14.csproj", "{309F08E5-9743-4A90-BB0F-0E6B8C0B247E}"
EndProject
Project("{FAE04EC0-301F-11D3-BF4B-00C04F79EFBC}") = "Q16", "Q16\Q16.csproj", "{4EEB5509-195D-488B-BF7F-6006DAE87CAF}"
EndProject
Project("{FAE04EC0-301F-11D3-BF4B-00C04F79EFBC}") = "Q15", "Q15\Q15.csproj", "{663CA37E-C7E6-446E-8047-57408D556F3D}"
EndProject
Project("{FAE04EC0-301F-11D3-BF4B-00C04F79EFBC}") = "Q08", "Q08\Q08.csproj", "{C21807FB-1A3D-4352-BB23-BE4CED740CA2}"
EndProject
Project("{FAE04EC0-301F-11D3-BF4B-00C04F79EFBC}") = "Q17", "Q17\Q17.csproj", "{6DF7C74B-FFDB-4FA4-99F4-9757B631EB12}"
EndProject
Project("{FAE04EC0-301F-11D3-BF4B-00C04F79EFBC}") = "Q18", "Q18\Q18.csproj", "{52B35F73-AE3E-4C24-87F6-2F56E9567022}"
EndProject
Project("{FAE04EC0-301F-11D3-BF4B-00C04F79EFBC}") = "AnswerSupport", "AnswerSupport\AnswerSupport.csproj", "{0CF3D216-D5F9-47E6-A629-D1A703F9078B}"
EndProject
Project("{FAE04EC0-301F-11D3-BF4B-00C04F79EFBC}") = "Console256", "Console256\Console256.csproj", "{CB6F6B68-26AA-4F4B-8496-DDC1E2F90F4A}"
EndProject
Project("{FAE04EC0-301F-11D3-BF4B-00C04F79EFBC}") = "ConsoleRace", "ConsoleRace\ConsoleRace.csproj", "{0BDC7292-5261-4F38-80D3-F947223E3C11}"
EndProject
Project("{FAE04EC0-301F-11D3-BF4B-00C04F79EFBC}") = "Q27", "Q27\Q27.csproj", "{7567C88F-8376-43F7-AE16-52E7FE5981CC}"
EndProject
Project("{FAE04EC0-301F-11D3-BF4B-00C04F79EFBC}") = "DynamicProgramming", "DynamicProgramming\DynamicProgramming.csproj", "{5EC2F173-ABFA-4768-9928-2B37D24A4807}"
EndProject
Project("{FAE04EC0-301F-11D3-BF4B-00C04F79EFBC}") = "Q28", "Q28\Q28.csproj", "{9DF8314F-EB26-447C-B159-DA35E4A75F88}"
EndProject
Global
	GlobalSection(SolutionConfigurationPlatforms) = preSolution
		Debug|Any CPU = Debug|Any CPU
		Debug|x86 = Debug|x86
		Release|Any CPU = Release|Any CPU
		Release|x86 = Release|x86
	EndGlobalSection
	GlobalSection(ProjectConfigurationPlatforms) = postSolution
		{741AC1A3-F204-4C07-91DB-91CB082D541B}.Debug|Any CPU.ActiveCfg = Debug|Any CPU
		{741AC1A3-F204-4C07-91DB-91CB082D541B}.Debug|Any CPU.Build.0 = Debug|Any CPU
		{741AC1A3-F204-4C07-91DB-91CB082D541B}.Debug|x86.ActiveCfg = Debug|Any CPU
		{741AC1A3-F204-4C07-91DB-91CB082D541B}.Debug|x86.Build.0 = Debug|Any CPU
		{741AC1A3-F204-4C07-91DB-91CB082D541B}.Release|Any CPU.ActiveCfg = Release|Any CPU
		{741AC1A3-F204-4C07-91DB-91CB082D541B}.Release|Any CPU.Build.0 = Release|Any CPU
		{741AC1A3-F204-4C07-91DB-91CB082D541B}.Release|x86.ActiveCfg = Release|Any CPU
		{741AC1A3-F204-4C07-91DB-91CB082D541B}.Release|x86.Build.0 = Release|Any CPU
		{CDA02204-1BEB-4B3B-A807-67ECDE6B5D1D}.Debug|Any CPU.ActiveCfg = Debug|Any CPU
		{CDA02204-1BEB-4B3B-A807-67ECDE6B5D1D}.Debug|Any CPU.Build.0 = Debug|Any CPU
		{CDA02204-1BEB-4B3B-A807-67ECDE6B5D1D}.Debug|x86.ActiveCfg = Debug|Any CPU
		{CDA02204-1BEB-4B3B-A807-67ECDE6B5D1D}.Debug|x86.Build.0 = Debug|Any CPU
		{CDA02204-1BEB-4B3B-A807-67ECDE6B5D1D}.Release|Any CPU.ActiveCfg = Release|Any CPU
		{CDA02204-1BEB-4B3B-A807-67ECDE6B5D1D}.Release|Any CPU.Build.0 = Release|Any CPU
		{CDA02204-1BEB-4B3B-A807-67ECDE6B5D1D}.Release|x86.ActiveCfg = Release|Any CPU
		{CDA02204-1BEB-4B3B-A807-67ECDE6B5D1D}.Release|x86.Build.0 = Release|Any CPU
		{96680F8A-3498-47EE-AF07-DB86294E7068}.Debug|Any CPU.ActiveCfg = Debug|Any CPU
		{96680F8A-3498-47EE-AF07-DB86294E7068}.Debug|Any CPU.Build.0 = Debug|Any CPU
		{96680F8A-3498-47EE-AF07-DB86294E7068}.Debug|x86.ActiveCfg = Debug|Any CPU
		{96680F8A-3498-47EE-AF07-DB86294E7068}.Debug|x86.Build.0 = Debug|Any CPU
		{96680F8A-3498-47EE-AF07-DB86294E7068}.Release|Any CPU.ActiveCfg = Release|Any CPU
		{96680F8A-3498-47EE-AF07-DB86294E7068}.Release|Any CPU.Build.0 = Release|Any CPU
		{96680F8A-3498-47EE-AF07-DB86294E7068}.Release|x86.ActiveCfg = Release|Any CPU
		{96680F8A-3498-47EE-AF07-DB86294E7068}.Release|x86.Build.0 = Release|Any CPU
		{B7CCA84E-1213-471E-AA7F-F97F6011B766}.Debug|Any CPU.ActiveCfg = Debug|Any CPU
		{B7CCA84E-1213-471E-AA7F-F97F6011B766}.Debug|Any CPU.Build.0 = Debug|Any CPU
		{B7CCA84E-1213-471E-AA7F-F97F6011B766}.Debug|x86.ActiveCfg = Debug|Any CPU
		{B7CCA84E-1213-471E-AA7F-F97F6011B766}.Debug|x86.Build.0 = Debug|Any CPU
		{B7CCA84E-1213-471E-AA7F-F97F6011B766}.Release|Any CPU.ActiveCfg = Release|Any CPU
		{B7CCA84E-1213-471E-AA7F-F97F6011B766}.Release|Any CPU.Build.0 = Release|Any CPU
		{B7CCA84E-1213-471E-AA7F-F97F6011B766}.Release|x86.ActiveCfg = Release|Any CPU
		{B7CCA84E-1213-471E-AA7F-F97F6011B766}.Release|x86.Build.0 = Release|Any CPU
		{9024F7B5-E991-4BB4-9292-C6313AD2EBC2}.Debug|Any CPU.ActiveCfg = Debug|Any CPU
		{9024F7B5-E991-4BB4-9292-C6313AD2EBC2}.Debug|Any CPU.Build.0 = Debug|Any CPU
		{9024F7B5-E991-4BB4-9292-C6313AD2EBC2}.Debug|x86.ActiveCfg = Debug|Any CPU
		{9024F7B5-E991-4BB4-9292-C6313AD2EBC2}.Debug|x86.Build.0 = Debug|Any CPU
		{9024F7B5-E991-4BB4-9292-C6313AD2EBC2}.Release|Any CPU.ActiveCfg = Release|Any CPU
		{9024F7B5-E991-4BB4-9292-C6313AD2EBC2}.Release|Any CPU.Build.0 = Release|Any CPU
		{9024F7B5-E991-4BB4-9292-C6313AD2EBC2}.Release|x86.ActiveCfg = Release|Any CPU
		{9024F7B5-E991-4BB4-9292-C6313AD2EBC2}.Release|x86.Build.0 = Release|Any CPU
		{1A7AE2E0-6FFF-4B09-9BE9-088A9E7FAC12}.Debug|Any CPU.ActiveCfg = Debug|Any CPU
		{1A7AE2E0-6FFF-4B09-9BE9-088A9E7FAC12}.Debug|Any CPU.Build.0 = Debug|Any CPU
		{1A7AE2E0-6FFF-4B09-9BE9-088A9E7FAC12}.Debug|x86.ActiveCfg = Debug|Any CPU
		{1A7AE2E0-6FFF-4B09-9BE9-088A9E7FAC12}.Debug|x86.Build.0 = Debug|Any CPU
		{1A7AE2E0-6FFF-4B09-9BE9-088A9E7FAC12}.Release|Any CPU.ActiveCfg = Release|Any CPU
		{1A7AE2E0-6FFF-4B09-9BE9-088A9E7FAC12}.Release|Any CPU.Build.0 = Release|Any CPU
		{1A7AE2E0-6FFF-4B09-9BE9-088A9E7FAC12}.Release|x86.ActiveCfg = Release|Any CPU
		{1A7AE2E0-6FFF-4B09-9BE9-088A9E7FAC12}.Release|x86.Build.0 = Release|Any CPU
		{4E901EAD-C936-491B-890F-BB48B1787DC7}.Debug|Any CPU.ActiveCfg = Debug|Any CPU
		{4E901EAD-C936-491B-890F-BB48B1787DC7}.Debug|Any CPU.Build.0 = Debug|Any CPU
		{4E901EAD-C936-491B-890F-BB48B1787DC7}.Debug|x86.ActiveCfg = Debug|Any CPU
		{4E901EAD-C936-491B-890F-BB48B1787DC7}.Debug|x86.Build.0 = Debug|Any CPU
		{4E901EAD-C936-491B-890F-BB48B1787DC7}.Release|Any CPU.ActiveCfg = Release|Any CPU
		{4E901EAD-C936-491B-890F-BB48B1787DC7}.Release|Any CPU.Build.0 = Release|Any CPU
		{4E901EAD-C936-491B-890F-BB48B1787DC7}.Release|x86.ActiveCfg = Release|Any CPU
		{4E901EAD-C936-491B-890F-BB48B1787DC7}.Release|x86.Build.0 = Release|Any CPU
		{3E009EDB-F779-4E52-B9D0-760E229F910F}.Debug|Any CPU.ActiveCfg = Debug|Any CPU
		{3E009EDB-F779-4E52-B9D0-760E229F910F}.Debug|Any CPU.Build.0 = Debug|Any CPU
		{3E009EDB-F779-4E52-B9D0-760E229F910F}.Debug|x86.ActiveCfg = Debug|Any CPU
		{3E009EDB-F779-4E52-B9D0-760E229F910F}.Debug|x86.Build.0 = Debug|Any CPU
		{3E009EDB-F779-4E52-B9D0-760E229F910F}.Release|Any CPU.ActiveCfg = Release|Any CPU
		{3E009EDB-F779-4E52-B9D0-760E229F910F}.Release|Any CPU.Build.0 = Release|Any CPU
		{3E009EDB-F779-4E52-B9D0-760E229F910F}.Release|x86.ActiveCfg = Release|Any CPU
		{3E009EDB-F779-4E52-B9D0-760E229F910F}.Release|x86.Build.0 = Release|Any CPU
		{309F08E5-9743-4A90-BB0F-0E6B8C0B247E}.Debug|Any CPU.ActiveCfg = Debug|Any CPU
		{309F08E5-9743-4A90-BB0F-0E6B8C0B247E}.Debug|Any CPU.Build.0 = Debug|Any CPU
		{309F08E5-9743-4A90-BB0F-0E6B8C0B247E}.Debug|x86.ActiveCfg = Debug|Any CPU
		{309F08E5-9743-4A90-BB0F-0E6B8C0B247E}.Debug|x86.Build.0 = Debug|Any CPU
		{309F08E5-9743-4A90-BB0F-0E6B8C0B247E}.Release|Any CPU.ActiveCfg = Release|Any CPU
		{309F08E5-9743-4A90-BB0F-0E6B8C0B247E}.Release|Any CPU.Build.0 = Release|Any CPU
		{309F08E5-9743-4A90-BB0F-0E6B8C0B247E}.Release|x86.ActiveCfg = Release|Any CPU
		{309F08E5-9743-4A90-BB0F-0E6B8C0B247E}.Release|x86.Build.0 = Release|Any CPU
		{4EEB5509-195D-488B-BF7F-6006DAE87CAF}.Debug|Any CPU.ActiveCfg = Debug|Any CPU
		{4EEB5509-195D-488B-BF7F-6006DAE87CAF}.Debug|Any CPU.Build.0 = Debug|Any CPU
		{4EEB5509-195D-488B-BF7F-6006DAE87CAF}.Debug|x86.ActiveCfg = Debug|Any CPU
		{4EEB5509-195D-488B-BF7F-6006DAE87CAF}.Debug|x86.Build.0 = Debug|Any CPU
		{4EEB5509-195D-488B-BF7F-6006DAE87CAF}.Release|Any CPU.ActiveCfg = Release|Any CPU
		{4EEB5509-195D-488B-BF7F-6006DAE87CAF}.Release|Any CPU.Build.0 = Release|Any CPU
		{4EEB5509-195D-488B-BF7F-6006DAE87CAF}.Release|x86.ActiveCfg = Release|Any CPU
		{4EEB5509-195D-488B-BF7F-6006DAE87CAF}.Release|x86.Build.0 = Release|Any CPU
		{663CA37E-C7E6-446E-8047-57408D556F3D}.Debug|Any CPU.ActiveCfg = Debug|Any CPU
		{663CA37E-C7E6-446E-8047-57408D556F3D}.Debug|Any CPU.Build.0 = Debug|Any CPU
		{663CA37E-C7E6-446E-8047-57408D556F3D}.Debug|x86.ActiveCfg = Debug|Any CPU
		{663CA37E-C7E6-446E-8047-57408D556F3D}.Debug|x86.Build.0 = Debug|Any CPU
		{663CA37E-C7E6-446E-8047-57408D556F3D}.Release|Any CPU.ActiveCfg = Release|Any CPU
		{663CA37E-C7E6-446E-8047-57408D556F3D}.Release|Any CPU.Build.0 = Release|Any CPU
		{663CA37E-C7E6-446E-8047-57408D556F3D}.Release|x86.ActiveCfg = Release|Any CPU
		{663CA37E-C7E6-446E-8047-57408D556F3D}.Release|x86.Build.0 = Release|Any CPU
		{C21807FB-1A3D-4352-BB23-BE4CED740CA2}.Debug|Any CPU.ActiveCfg = Debug|Any CPU
		{C21807FB-1A3D-4352-BB23-BE4CED740CA2}.Debug|Any CPU.Build.0 = Debug|Any CPU
		{C21807FB-1A3D-4352-BB23-BE4CED740CA2}.Debug|x86.ActiveCfg = Debug|Any CPU
		{C21807FB-1A3D-4352-BB23-BE4CED740CA2}.Debug|x86.Build.0 = Debug|Any CPU
		{C21807FB-1A3D-4352-BB23-BE4CED740CA2}.Release|Any CPU.ActiveCfg = Release|Any CPU
		{C21807FB-1A3D-4352-BB23-BE4CED740CA2}.Release|Any CPU.Build.0 = Release|Any CPU
		{C21807FB-1A3D-4352-BB23-BE4CED740CA2}.Release|x86.ActiveCfg = Release|Any CPU
		{C21807FB-1A3D-4352-BB23-BE4CED740CA2}.Release|x86.Build.0 = Release|Any CPU
		{6DF7C74B-FFDB-4FA4-99F4-9757B631EB12}.Debug|Any CPU.ActiveCfg = Debug|Any CPU
		{6DF7C74B-FFDB-4FA4-99F4-9757B631EB12}.Debug|Any CPU.Build.0 = Debug|Any CPU
		{6DF7C74B-FFDB-4FA4-99F4-9757B631EB12}.Debug|x86.ActiveCfg = Debug|Any CPU
		{6DF7C74B-FFDB-4FA4-99F4-9757B631EB12}.Debug|x86.Build.0 = Debug|Any CPU
		{6DF7C74B-FFDB-4FA4-99F4-9757B631EB12}.Release|Any CPU.ActiveCfg = Release|Any CPU
		{6DF7C74B-FFDB-4FA4-99F4-9757B631EB12}.Release|Any CPU.Build.0 = Release|Any CPU
		{6DF7C74B-FFDB-4FA4-99F4-9757B631EB12}.Release|x86.ActiveCfg = Release|Any CPU
		{6DF7C74B-FFDB-4FA4-99F4-9757B631EB12}.Release|x86.Build.0 = Release|Any CPU
		{52B35F73-AE3E-4C24-87F6-2F56E9567022}.Debug|Any CPU.ActiveCfg = Debug|Any CPU
		{52B35F73-AE3E-4C24-87F6-2F56E9567022}.Debug|Any CPU.Build.0 = Debug|Any CPU
		{52B35F73-AE3E-4C24-87F6-2F56E9567022}.Debug|x86.ActiveCfg = Debug|Any CPU
		{52B35F73-AE3E-4C24-87F6-2F56E9567022}.Debug|x86.Build.0 = Debug|Any CPU
		{52B35F73-AE3E-4C24-87F6-2F56E9567022}.Release|Any CPU.ActiveCfg = Release|Any CPU
		{52B35F73-AE3E-4C24-87F6-2F56E9567022}.Release|Any CPU.Build.0 = Release|Any CPU
		{52B35F73-AE3E-4C24-87F6-2F56E9567022}.Release|x86.ActiveCfg = Release|Any CPU
		{52B35F73-AE3E-4C24-87F6-2F56E9567022}.Release|x86.Build.0 = Release|Any CPU
		{0CF3D216-D5F9-47E6-A629-D1A703F9078B}.Debug|Any CPU.ActiveCfg = Debug|Any CPU
		{0CF3D216-D5F9-47E6-A629-D1A703F9078B}.Debug|Any CPU.Build.0 = Debug|Any CPU
		{0CF3D216-D5F9-47E6-A629-D1A703F9078B}.Debug|x86.ActiveCfg = Debug|Any CPU
		{0CF3D216-D5F9-47E6-A629-D1A703F9078B}.Debug|x86.Build.0 = Debug|Any CPU
		{0CF3D216-D5F9-47E6-A629-D1A703F9078B}.Release|Any CPU.ActiveCfg = Release|Any CPU
		{0CF3D216-D5F9-47E6-A629-D1A703F9078B}.Release|Any CPU.Build.0 = Release|Any CPU
		{0CF3D216-D5F9-47E6-A629-D1A703F9078B}.Release|x86.ActiveCfg = Release|Any CPU
		{0CF3D216-D5F9-47E6-A629-D1A703F9078B}.Release|x86.Build.0 = Release|Any CPU
		{CB6F6B68-26AA-4F4B-8496-DDC1E2F90F4A}.Debug|Any CPU.ActiveCfg = Debug|Any CPU
		{CB6F6B68-26AA-4F4B-8496-DDC1E2F90F4A}.Debug|Any CPU.Build.0 = Debug|Any CPU
		{CB6F6B68-26AA-4F4B-8496-DDC1E2F90F4A}.Debug|x86.ActiveCfg = Debug|Any CPU
		{CB6F6B68-26AA-4F4B-8496-DDC1E2F90F4A}.Debug|x86.Build.0 = Debug|Any CPU
		{CB6F6B68-26AA-4F4B-8496-DDC1E2F90F4A}.Release|Any CPU.ActiveCfg = Release|Any CPU
		{CB6F6B68-26AA-4F4B-8496-DDC1E2F90F4A}.Release|Any CPU.Build.0 = Release|Any CPU
		{CB6F6B68-26AA-4F4B-8496-DDC1E2F90F4A}.Release|x86.ActiveCfg = Release|Any CPU
		{CB6F6B68-26AA-4F4B-8496-DDC1E2F90F4A}.Release|x86.Build.0 = Release|Any CPU
		{0BDC7292-5261-4F38-80D3-F947223E3C11}.Debug|Any CPU.ActiveCfg = Debug|Any CPU
		{0BDC7292-5261-4F38-80D3-F947223E3C11}.Debug|Any CPU.Build.0 = Debug|Any CPU
		{0BDC7292-5261-4F38-80D3-F947223E3C11}.Debug|x86.ActiveCfg = Debug|Any CPU
		{0BDC7292-5261-4F38-80D3-F947223E3C11}.Debug|x86.Build.0 = Debug|Any CPU
		{0BDC7292-5261-4F38-80D3-F947223E3C11}.Release|Any CPU.ActiveCfg = Release|Any CPU
		{0BDC7292-5261-4F38-80D3-F947223E3C11}.Release|Any CPU.Build.0 = Release|Any CPU
		{0BDC7292-5261-4F38-80D3-F947223E3C11}.Release|x86.ActiveCfg = Release|Any CPU
		{0BDC7292-5261-4F38-80D3-F947223E3C11}.Release|x86.Build.0 = Release|Any CPU
		{7567C88F-8376-43F7-AE16-52E7FE5981CC}.Debug|Any CPU.ActiveCfg = Debug|x86
		{7567C88F-8376-43F7-AE16-52E7FE5981CC}.Debug|x86.ActiveCfg = Debug|x86
		{7567C88F-8376-43F7-AE16-52E7FE5981CC}.Debug|x86.Build.0 = Debug|x86
		{7567C88F-8376-43F7-AE16-52E7FE5981CC}.Release|Any CPU.ActiveCfg = Release|x86
		{7567C88F-8376-43F7-AE16-52E7FE5981CC}.Release|x86.ActiveCfg = Release|x86
		{7567C88F-8376-43F7-AE16-52E7FE5981CC}.Release|x86.Build.0 = Release|x86
		{5EC2F173-ABFA-4768-9928-2B37D24A4807}.Debug|Any CPU.ActiveCfg = Debug|Any CPU
		{5EC2F173-ABFA-4768-9928-2B37D24A4807}.Debug|Any CPU.Build.0 = Debug|Any CPU
		{5EC2F173-ABFA-4768-9928-2B37D24A4807}.Debug|x86.ActiveCfg = Debug|Any CPU
		{5EC2F173-ABFA-4768-9928-2B37D24A4807}.Debug|x86.Build.0 = Debug|Any CPU
		{5EC2F173-ABFA-4768-9928-2B37D24A4807}.Release|Any CPU.ActiveCfg = Release|Any CPU
		{5EC2F173-ABFA-4768-9928-2B37D24A4807}.Release|Any CPU.Build.0 = Release|Any CPU
		{5EC2F173-ABFA-4768-9928-2B37D24A4807}.Release|x86.ActiveCfg = Release|Any CPU
		{5EC2F173-ABFA-4768-9928-2B37D24A4807}.Release|x86.Build.0 = Release|Any CPU
		{9DF8314F-EB26-447C-B159-DA35E4A75F88}.Debug|Any CPU.ActiveCfg = Debug|Any CPU
		{9DF8314F-EB26-447C-B159-DA35E4A75F88}.Debug|Any CPU.Build.0 = Debug|Any CPU
		{9DF8314F-EB26-447C-B159-DA35E4A75F88}.Debug|x86.ActiveCfg = Debug|Any CPU
		{9DF8314F-EB26-447C-B159-DA35E4A75F88}.Debug|x86.Build.0 = Debug|Any CPU
		{9DF8314F-EB26-447C-B159-DA35E4A75F88}.Release|Any CPU.ActiveCfg = Release|Any CPU
		{9DF8314F-EB26-447C-B159-DA35E4A75F88}.Release|Any CPU.Build.0 = Release|Any CPU
		{9DF8314F-EB26-447C-B159-DA35E4A75F88}.Release|x86.ActiveCfg = Release|Any CPU
		{9DF8314F-EB26-447C-B159-DA35E4A75F88}.Release|x86.Build.0 = Release|Any CPU
	EndGlobalSection
	GlobalSection(SolutionProperties) = preSolution
		HideSolutionNode = FALSE
	EndGlobalSection
	GlobalSection(ExtensibilityGlobals) = postSolution
		SolutionGuid = {36193702-E214-406F-9749-CF3CAE4DE6CF}
	EndGlobalSection
EndGlobal
